{
  "name": "static",
  "version": "1.0.0",
  "lockfileVersion": 1,
  "requires": true,
  "dependencies": {
    "leaflet": {
      "version": "0.7.7",
      "resolved": "http://registry.npm.taobao.org/leaflet/download/leaflet-0.7.7.tgz",
      "integrity": "sha1-HjUrpU5j0HZFH6NjyQCJDLLPde4="
    },
    "leaflet.label": {
      "version": "0.2.4",
      "resolved": "http://registry.npm.taobao.org/leaflet.label/download/leaflet.label-0.2.4.tgz",
      "integrity": "sha1-BnZZmvDA2YFhnLiAlWNvyb9xFRs=",
      "requires": {
        "leaflet": "0.7.7"
      }
    }
  }
}
